// !$*UTF8*$!
{
	archiveVersion = 1;
	classes = {
	};
	objectVersion = 56;
	objects = {

/* Begin PBXBuildFile section */
		8B232F152A588BE6004B554C /* Localizable.strings in Resources */ = {isa = PBXBuildFile; fileRef = 8B232F172A588BE6004B554C /* Localizable.strings */; };
		8B232F192A588C1F004B554C /* Localizable.stringsdict in Resources */ = {isa = PBXBuildFile; fileRef = 8B232F1B2A588C1F004B554C /* Localizable.stringsdict */; };
		8B232F1D2A588C5D004B554C /* Awards.json in Resources */ = {isa = PBXBuildFile; fileRef = 8B232F1F2A588C5D004B554C /* Awards.json */; };
		8B232F242A5AD4AF004B554C /* SidebarViewToolbar.swift in Sources */ = {isa = PBXBuildFile; fileRef = 8B232F232A5AD4AF004B554C /* SidebarViewToolbar.swift */; };
		8B232F262A5AD605004B554C /* IssueViewToolbar.swift in Sources */ = {isa = PBXBuildFile; fileRef = 8B232F252A5AD605004B554C /* IssueViewToolbar.swift */; };
		8B232F282A5AD6D3004B554C /* ContentViewToolbar.swift in Sources */ = {isa = PBXBuildFile; fileRef = 8B232F272A5AD6D3004B554C /* ContentViewToolbar.swift */; };
		8B232F2A2A5AD7AB004B554C /* TagsMenuView.swift in Sources */ = {isa = PBXBuildFile; fileRef = 8B232F292A5AD7AB004B554C /* TagsMenuView.swift */; };
		8B232F2C2A5AD919004B554C /* SmartFilterRow.swift in Sources */ = {isa = PBXBuildFile; fileRef = 8B232F2B2A5AD919004B554C /* SmartFilterRow.swift */; };
		8B232F2E2A5AF14E004B554C /* UserFilterRow.swift in Sources */ = {isa = PBXBuildFile; fileRef = 8B232F2D2A5AF14E004B554C /* UserFilterRow.swift */; };
		8B54776229B1017D0079F730 /* IssueView.swift in Sources */ = {isa = PBXBuildFile; fileRef = 8B54776129B1017D0079F730 /* IssueView.swift */; };
		8B54776429B1018C0079F730 /* NoIssueView.swift in Sources */ = {isa = PBXBuildFile; fileRef = 8B54776329B1018C0079F730 /* NoIssueView.swift */; };
		8B6572CE29AFA02500C132B4 /* IssueRow.swift in Sources */ = {isa = PBXBuildFile; fileRef = 8B6572CD29AFA02500C132B4 /* IssueRow.swift */; };
		8B7E4CA22A1F3CAD001B3D3A /* Colors.xcassets in Resources */ = {isa = PBXBuildFile; fileRef = 8B7E4CA02A1F3CAD001B3D3A /* Colors.xcassets */; };
		8B7E4CA42A1F3E38001B3D3A /* Bundle-Decodable.swift in Sources */ = {isa = PBXBuildFile; fileRef = 8B7E4CA32A1F3E38001B3D3A /* Bundle-Decodable.swift */; };
		8B7E4CA62A1F3EEC001B3D3A /* Award.swift in Sources */ = {isa = PBXBuildFile; fileRef = 8B7E4CA52A1F3EEC001B3D3A /* Award.swift */; };
		8B7E4CA82A265606001B3D3A /* AwardsView.swift in Sources */ = {isa = PBXBuildFile; fileRef = 8B7E4CA72A265606001B3D3A /* AwardsView.swift */; };
		8B957B622A741FB100B13EC9 /* UltimatePortfolioTests.swift in Sources */ = {isa = PBXBuildFile; fileRef = 8B957B612A741FB100B13EC9 /* UltimatePortfolioTests.swift */; };
		8B957B6A2A74231100B13EC9 /* AssetsTests.swift in Sources */ = {isa = PBXBuildFile; fileRef = 8B957B692A74231100B13EC9 /* AssetsTests.swift */; };
		8BE9AD40299F8CA100DC9A30 /* UltimatePortfolioApp.swift in Sources */ = {isa = PBXBuildFile; fileRef = 8BE9AD3F299F8CA100DC9A30 /* UltimatePortfolioApp.swift */; };
		8BE9AD42299F8CA100DC9A30 /* ContentView.swift in Sources */ = {isa = PBXBuildFile; fileRef = 8BE9AD41299F8CA100DC9A30 /* ContentView.swift */; };
		8BE9AD44299F8CA200DC9A30 /* Assets.xcassets in Resources */ = {isa = PBXBuildFile; fileRef = 8BE9AD43299F8CA200DC9A30 /* Assets.xcassets */; };
		8BE9AD48299F8CA200DC9A30 /* Preview Assets.xcassets in Resources */ = {isa = PBXBuildFile; fileRef = 8BE9AD47299F8CA200DC9A30 /* Preview Assets.xcassets */; };
		8BE9AD50299FB1AE00DC9A30 /* Main.xcdatamodeld in Sources */ = {isa = PBXBuildFile; fileRef = 8BE9AD4E299FB1AE00DC9A30 /* Main.xcdatamodeld */; };
		8BE9AD52299FB45E00DC9A30 /* DataController.swift in Sources */ = {isa = PBXBuildFile; fileRef = 8BE9AD51299FB45E00DC9A30 /* DataController.swift */; };
		8BE9AD7129A26C4D00DC9A30 /* SidebarView.swift in Sources */ = {isa = PBXBuildFile; fileRef = 8BE9AD7029A26C4D00DC9A30 /* SidebarView.swift */; };
		8BE9AD7329A26C5B00DC9A30 /* DetailView.swift in Sources */ = {isa = PBXBuildFile; fileRef = 8BE9AD7229A26C5B00DC9A30 /* DetailView.swift */; };
		8BE9AD7529A26D7000DC9A30 /* Filter.swift in Sources */ = {isa = PBXBuildFile; fileRef = 8BE9AD7429A26D7000DC9A30 /* Filter.swift */; };
		8BE9AD9129A4F8FF00DC9A30 /* Issue-CoreDateHelpers.swift in Sources */ = {isa = PBXBuildFile; fileRef = 8BE9AD9029A4F8FF00DC9A30 /* Issue-CoreDateHelpers.swift */; };
		8BE9AD9329A4FAF800DC9A30 /* Tag-CoreDateHelpers.swift in Sources */ = {isa = PBXBuildFile; fileRef = 8BE9AD9229A4FAF800DC9A30 /* Tag-CoreDateHelpers.swift */; };
/* End PBXBuildFile section */

/* Begin PBXContainerItemProxy section */
		8B957B632A741FB100B13EC9 /* PBXContainerItemProxy */ = {
			isa = PBXContainerItemProxy;
			containerPortal = 8BE9AD34299F8CA100DC9A30 /* Project object */;
			proxyType = 1;
			remoteGlobalIDString = 8BE9AD3B299F8CA100DC9A30;
			remoteInfo = UltimatePortfolio;
		};
/* End PBXContainerItemProxy section */

/* Begin PBXFileReference section */
		8B232F162A588BE6004B554C /* en */ = {isa = PBXFileReference; lastKnownFileType = text.plist.strings; name = en; path = en.lproj/Localizable.strings; sourceTree = "<group>"; };
		8B232F182A588BEE004B554C /* hu */ = {isa = PBXFileReference; lastKnownFileType = text.plist.strings; name = hu; path = hu.lproj/Localizable.strings; sourceTree = "<group>"; };
		8B232F1A2A588C1F004B554C /* en */ = {isa = PBXFileReference; lastKnownFileType = text.plist.stringsdict; name = en; path = en.lproj/Localizable.stringsdict; sourceTree = "<group>"; };
		8B232F1C2A588C26004B554C /* hu */ = {isa = PBXFileReference; lastKnownFileType = text.plist.stringsdict; name = hu; path = hu.lproj/Localizable.stringsdict; sourceTree = "<group>"; };
		8B232F1E2A588C5D004B554C /* en */ = {isa = PBXFileReference; lastKnownFileType = text.json; name = en; path = en.lproj/Awards.json; sourceTree = "<group>"; };
		8B232F202A588C66004B554C /* hu */ = {isa = PBXFileReference; lastKnownFileType = text.json; name = hu; path = hu.lproj/Awards.json; sourceTree = "<group>"; };
		8B232F232A5AD4AF004B554C /* SidebarViewToolbar.swift */ = {isa = PBXFileReference; lastKnownFileType = sourcecode.swift; path = SidebarViewToolbar.swift; sourceTree = "<group>"; };
		8B232F252A5AD605004B554C /* IssueViewToolbar.swift */ = {isa = PBXFileReference; lastKnownFileType = sourcecode.swift; path = IssueViewToolbar.swift; sourceTree = "<group>"; };
		8B232F272A5AD6D3004B554C /* ContentViewToolbar.swift */ = {isa = PBXFileReference; lastKnownFileType = sourcecode.swift; path = ContentViewToolbar.swift; sourceTree = "<group>"; };
		8B232F292A5AD7AB004B554C /* TagsMenuView.swift */ = {isa = PBXFileReference; lastKnownFileType = sourcecode.swift; path = TagsMenuView.swift; sourceTree = "<group>"; };
		8B232F2B2A5AD919004B554C /* SmartFilterRow.swift */ = {isa = PBXFileReference; lastKnownFileType = sourcecode.swift; path = SmartFilterRow.swift; sourceTree = "<group>"; };
		8B232F2D2A5AF14E004B554C /* UserFilterRow.swift */ = {isa = PBXFileReference; lastKnownFileType = sourcecode.swift; path = UserFilterRow.swift; sourceTree = "<group>"; };
		8B54776129B1017D0079F730 /* IssueView.swift */ = {isa = PBXFileReference; lastKnownFileType = sourcecode.swift; path = IssueView.swift; sourceTree = "<group>"; };
		8B54776329B1018C0079F730 /* NoIssueView.swift */ = {isa = PBXFileReference; lastKnownFileType = sourcecode.swift; path = NoIssueView.swift; sourceTree = "<group>"; };
		8B6572CD29AFA02500C132B4 /* IssueRow.swift */ = {isa = PBXFileReference; lastKnownFileType = sourcecode.swift; path = IssueRow.swift; sourceTree = "<group>"; };
		8B7E4CA02A1F3CAD001B3D3A /* Colors.xcassets */ = {isa = PBXFileReference; lastKnownFileType = folder.assetcatalog; name = Colors.xcassets; path = "../../../../Downloads/portfolio-awards/Colors.xcassets"; sourceTree = "<group>"; };
		8B7E4CA32A1F3E38001B3D3A /* Bundle-Decodable.swift */ = {isa = PBXFileReference; lastKnownFileType = sourcecode.swift; path = "Bundle-Decodable.swift"; sourceTree = "<group>"; };
		8B7E4CA52A1F3EEC001B3D3A /* Award.swift */ = {isa = PBXFileReference; lastKnownFileType = sourcecode.swift; path = Award.swift; sourceTree = "<group>"; };
		8B7E4CA72A265606001B3D3A /* AwardsView.swift */ = {isa = PBXFileReference; lastKnownFileType = sourcecode.swift; path = AwardsView.swift; sourceTree = "<group>"; };
		8B957B5F2A741FB100B13EC9 /* UltimatePortfolioTests.xctest */ = {isa = PBXFileReference; explicitFileType = wrapper.cfbundle; includeInIndex = 0; path = UltimatePortfolioTests.xctest; sourceTree = BUILT_PRODUCTS_DIR; };
		8B957B612A741FB100B13EC9 /* UltimatePortfolioTests.swift */ = {isa = PBXFileReference; lastKnownFileType = sourcecode.swift; path = UltimatePortfolioTests.swift; sourceTree = "<group>"; };
		8B957B682A74215100B13EC9 /* UltimatePortfolio.xctestplan */ = {isa = PBXFileReference; lastKnownFileType = file; name = UltimatePortfolio.xctestplan; path = UltimatePortfolioUITests1/UltimatePortfolio.xctestplan; sourceTree = SOURCE_ROOT; };
		8B957B692A74231100B13EC9 /* AssetsTests.swift */ = {isa = PBXFileReference; lastKnownFileType = sourcecode.swift; path = AssetsTests.swift; sourceTree = "<group>"; };
		8BE9AD3C299F8CA100DC9A30 /* UltimatePortfolio.app */ = {isa = PBXFileReference; explicitFileType = wrapper.application; includeInIndex = 0; path = UltimatePortfolio.app; sourceTree = BUILT_PRODUCTS_DIR; };
		8BE9AD3F299F8CA100DC9A30 /* UltimatePortfolioApp.swift */ = {isa = PBXFileReference; lastKnownFileType = sourcecode.swift; path = UltimatePortfolioApp.swift; sourceTree = "<group>"; };
		8BE9AD41299F8CA100DC9A30 /* ContentView.swift */ = {isa = PBXFileReference; lastKnownFileType = sourcecode.swift; path = ContentView.swift; sourceTree = "<group>"; };
		8BE9AD43299F8CA200DC9A30 /* Assets.xcassets */ = {isa = PBXFileReference; lastKnownFileType = folder.assetcatalog; path = Assets.xcassets; sourceTree = "<group>"; };
		8BE9AD45299F8CA200DC9A30 /* UltimatePortfolio.entitlements */ = {isa = PBXFileReference; lastKnownFileType = text.plist.entitlements; path = UltimatePortfolio.entitlements; sourceTree = "<group>"; };
		8BE9AD47299F8CA200DC9A30 /* Preview Assets.xcassets */ = {isa = PBXFileReference; lastKnownFileType = folder.assetcatalog; path = "Preview Assets.xcassets"; sourceTree = "<group>"; };
		8BE9AD4F299FB1AE00DC9A30 /* Main.xcdatamodel */ = {isa = PBXFileReference; lastKnownFileType = wrapper.xcdatamodel; path = Main.xcdatamodel; sourceTree = "<group>"; };
		8BE9AD51299FB45E00DC9A30 /* DataController.swift */ = {isa = PBXFileReference; lastKnownFileType = sourcecode.swift; path = DataController.swift; sourceTree = "<group>"; };
		8BE9AD53299FBCCE00DC9A30 /* Info.plist */ = {isa = PBXFileReference; lastKnownFileType = text.plist.xml; path = Info.plist; sourceTree = "<group>"; };
		8BE9AD7029A26C4D00DC9A30 /* SidebarView.swift */ = {isa = PBXFileReference; lastKnownFileType = sourcecode.swift; path = SidebarView.swift; sourceTree = "<group>"; };
		8BE9AD7229A26C5B00DC9A30 /* DetailView.swift */ = {isa = PBXFileReference; lastKnownFileType = sourcecode.swift; path = DetailView.swift; sourceTree = "<group>"; };
		8BE9AD7429A26D7000DC9A30 /* Filter.swift */ = {isa = PBXFileReference; lastKnownFileType = sourcecode.swift; path = Filter.swift; sourceTree = "<group>"; };
		8BE9AD9029A4F8FF00DC9A30 /* Issue-CoreDateHelpers.swift */ = {isa = PBXFileReference; lastKnownFileType = sourcecode.swift; path = "Issue-CoreDateHelpers.swift"; sourceTree = "<group>"; };
		8BE9AD9229A4FAF800DC9A30 /* Tag-CoreDateHelpers.swift */ = {isa = PBXFileReference; lastKnownFileType = sourcecode.swift; path = "Tag-CoreDateHelpers.swift"; sourceTree = "<group>"; };
/* End PBXFileReference section */

/* Begin PBXFrameworksBuildPhase section */
		8B957B5C2A741FB100B13EC9 /* Frameworks */ = {
			isa = PBXFrameworksBuildPhase;
			buildActionMask = 2147483647;
			files = (
			);
			runOnlyForDeploymentPostprocessing = 0;
		};
		8BE9AD39299F8CA100DC9A30 /* Frameworks */ = {
			isa = PBXFrameworksBuildPhase;
			buildActionMask = 2147483647;
			files = (
			);
			runOnlyForDeploymentPostprocessing = 0;
		};
/* End PBXFrameworksBuildPhase section */

/* Begin PBXGroup section */
		8B680A0F2A5DC01F000DAC83 /* Filter */ = {
			isa = PBXGroup;
			children = (
				8BE9AD7429A26D7000DC9A30 /* Filter.swift */,
				8BE9AD7029A26C4D00DC9A30 /* SidebarView.swift */,
				8B232F232A5AD4AF004B554C /* SidebarViewToolbar.swift */,
				8B232F2B2A5AD919004B554C /* SmartFilterRow.swift */,
				8B232F2D2A5AF14E004B554C /* UserFilterRow.swift */,
			);
			path = Filter;
			sourceTree = "<group>";
		};
		8B680A102A5DC031000DAC83 /* Issues */ = {
			isa = PBXGroup;
			children = (
				8BE9AD41299F8CA100DC9A30 /* ContentView.swift */,
				8B232F272A5AD6D3004B554C /* ContentViewToolbar.swift */,
				8B6572CD29AFA02500C132B4 /* IssueRow.swift */,
			);
			path = Issues;
			sourceTree = "<group>";
		};
		8B680A112A5DC042000DAC83 /* Editing */ = {
			isa = PBXGroup;
			children = (
				8BE9AD7229A26C5B00DC9A30 /* DetailView.swift */,
				8B54776129B1017D0079F730 /* IssueView.swift */,
				8B232F252A5AD605004B554C /* IssueViewToolbar.swift */,
				8B54776329B1018C0079F730 /* NoIssueView.swift */,
				8B232F292A5AD7AB004B554C /* TagsMenuView.swift */,
			);
			path = Editing;
			sourceTree = "<group>";
		};
		8B680A122A5DC061000DAC83 /* Awards */ = {
			isa = PBXGroup;
			children = (
				8B7E4CA72A265606001B3D3A /* AwardsView.swift */,
				8B7E4CA52A1F3EEC001B3D3A /* Award.swift */,
				8B232F1F2A588C5D004B554C /* Awards.json */,
			);
			path = Awards;
			sourceTree = "<group>";
		};
		8B680A152A5DC110000DAC83 /* Configuration */ = {
			isa = PBXGroup;
			children = (
				8BE9AD45299F8CA200DC9A30 /* UltimatePortfolio.entitlements */,
				8BE9AD4E299FB1AE00DC9A30 /* Main.xcdatamodeld */,
				8BE9AD53299FBCCE00DC9A30 /* Info.plist */,
			);
			path = Configuration;
			sourceTree = "<group>";
		};
		8B680A162A5DC165000DAC83 /* Extensions */ = {
			isa = PBXGroup;
			children = (
				8B7E4CA32A1F3E38001B3D3A /* Bundle-Decodable.swift */,
				8BE9AD9029A4F8FF00DC9A30 /* Issue-CoreDateHelpers.swift */,
				8BE9AD9229A4FAF800DC9A30 /* Tag-CoreDateHelpers.swift */,
			);
			path = Extensions;
			sourceTree = "<group>";
		};
		8B680A172A5DC271000DAC83 /* Localizable */ = {
			isa = PBXGroup;
			children = (
				8B232F172A588BE6004B554C /* Localizable.strings */,
				8B232F1B2A588C1F004B554C /* Localizable.stringsdict */,
			);
			path = Localizable;
			sourceTree = "<group>";
		};
		8B957B602A741FB100B13EC9 /* UltimatePortfolioTests */ = {
			isa = PBXGroup;
			children = (
				8B957B682A74215100B13EC9 /* UltimatePortfolio.xctestplan */,
				8B957B612A741FB100B13EC9 /* UltimatePortfolioTests.swift */,
				8B957B692A74231100B13EC9 /* AssetsTests.swift */,
			);
			path = UltimatePortfolioTests;
			sourceTree = "<group>";
		};
		8BE9AD33299F8CA100DC9A30 = {
			isa = PBXGroup;
			children = (
				8BE9AD3E299F8CA100DC9A30 /* UltimatePortfolio */,
				8B957B602A741FB100B13EC9 /* UltimatePortfolioTests */,
				8BE9AD3D299F8CA100DC9A30 /* Products */,
			);
			sourceTree = "<group>";
		};
		8BE9AD3D299F8CA100DC9A30 /* Products */ = {
			isa = PBXGroup;
			children = (
				8BE9AD3C299F8CA100DC9A30 /* UltimatePortfolio.app */,
				8B957B5F2A741FB100B13EC9 /* UltimatePortfolioTests.xctest */,
			);
			name = Products;
			sourceTree = "<group>";
		};
		8BE9AD3E299F8CA100DC9A30 /* UltimatePortfolio */ = {
			isa = PBXGroup;
			children = (
				8B680A0F2A5DC01F000DAC83 /* Filter */,
				8B680A102A5DC031000DAC83 /* Issues */,
				8B680A112A5DC042000DAC83 /* Editing */,
				8B680A122A5DC061000DAC83 /* Awards */,
				8B680A162A5DC165000DAC83 /* Extensions */,
				8B680A172A5DC271000DAC83 /* Localizable */,
				8B680A152A5DC110000DAC83 /* Configuration */,
				8BE9AD3F299F8CA100DC9A30 /* UltimatePortfolioApp.swift */,
				8BE9AD51299FB45E00DC9A30 /* DataController.swift */,
				8B7E4CA02A1F3CAD001B3D3A /* Colors.xcassets */,
				8BE9AD43299F8CA200DC9A30 /* Assets.xcassets */,
				8BE9AD46299F8CA200DC9A30 /* Preview Content */,
			);
			path = UltimatePortfolio;
			sourceTree = "<group>";
		};
		8BE9AD46299F8CA200DC9A30 /* Preview Content */ = {
			isa = PBXGroup;
			children = (
				8BE9AD47299F8CA200DC9A30 /* Preview Assets.xcassets */,
			);
			path = "Preview Content";
			sourceTree = "<group>";
		};
/* End PBXGroup section */

/* Begin PBXNativeTarget section */
		8B957B5E2A741FB100B13EC9 /* UltimatePortfolioTests */ = {
			isa = PBXNativeTarget;
			buildConfigurationList = 8B957B652A741FB100B13EC9 /* Build configuration list for PBXNativeTarget "UltimatePortfolioTests" */;
			buildPhases = (
				8B957B5B2A741FB100B13EC9 /* Sources */,
				8B957B5C2A741FB100B13EC9 /* Frameworks */,
				8B957B5D2A741FB100B13EC9 /* Resources */,
			);
			buildRules = (
			);
			dependencies = (
				8B957B642A741FB100B13EC9 /* PBXTargetDependency */,
			);
			name = UltimatePortfolioTests;
			productName = UltimatePortfolioTests;
			productReference = 8B957B5F2A741FB100B13EC9 /* UltimatePortfolioTests.xctest */;
			productType = "com.apple.product-type.bundle.unit-test";
		};
		8BE9AD3B299F8CA100DC9A30 /* UltimatePortfolio */ = {
			isa = PBXNativeTarget;
			buildConfigurationList = 8BE9AD4B299F8CA200DC9A30 /* Build configuration list for PBXNativeTarget "UltimatePortfolio" */;
			buildPhases = (
				8BE9AD38299F8CA100DC9A30 /* Sources */,
				8BE9AD39299F8CA100DC9A30 /* Frameworks */,
				8BE9AD3A299F8CA100DC9A30 /* Resources */,
				8B232F2F2A5AF2D7004B554C /* SwiftLint */,
			);
			buildRules = (
			);
			dependencies = (
			);
			name = UltimatePortfolio;
			productName = UltimatePortfolio;
			productReference = 8BE9AD3C299F8CA100DC9A30 /* UltimatePortfolio.app */;
			productType = "com.apple.product-type.application";
		};
/* End PBXNativeTarget section */

/* Begin PBXProject section */
		8BE9AD34299F8CA100DC9A30 /* Project object */ = {
			isa = PBXProject;
			attributes = {
				BuildIndependentTargetsInParallel = 1;
				LastSwiftUpdateCheck = 1430;
				LastUpgradeCheck = 1430;
				TargetAttributes = {
					8B957B5E2A741FB100B13EC9 = {
						CreatedOnToolsVersion = 14.3.1;
						TestTargetID = 8BE9AD3B299F8CA100DC9A30;
					};
					8BE9AD3B299F8CA100DC9A30 = {
						CreatedOnToolsVersion = 14.2;
					};
				};
			};
			buildConfigurationList = 8BE9AD37299F8CA100DC9A30 /* Build configuration list for PBXProject "UltimatePortfolio" */;
			compatibilityVersion = "Xcode 14.0";
			developmentRegion = en;
			hasScannedForEncodings = 0;
			knownRegions = (
				en,
				Base,
				hu,
			);
			mainGroup = 8BE9AD33299F8CA100DC9A30;
			productRefGroup = 8BE9AD3D299F8CA100DC9A30 /* Products */;
			projectDirPath = "";
			projectRoot = "";
			targets = (
				8BE9AD3B299F8CA100DC9A30 /* UltimatePortfolio */,
				8B957B5E2A741FB100B13EC9 /* UltimatePortfolioTests */,
			);
		};
/* End PBXProject section */

/* Begin PBXResourcesBuildPhase section */
		8B957B5D2A741FB100B13EC9 /* Resources */ = {
			isa = PBXResourcesBuildPhase;
			buildActionMask = 2147483647;
			files = (
			);
			runOnlyForDeploymentPostprocessing = 0;
		};
		8BE9AD3A299F8CA100DC9A30 /* Resources */ = {
			isa = PBXResourcesBuildPhase;
			buildActionMask = 2147483647;
			files = (
				8B232F152A588BE6004B554C /* Localizable.strings in Resources */,
				8BE9AD48299F8CA200DC9A30 /* Preview Assets.xcassets in Resources */,
				8B7E4CA22A1F3CAD001B3D3A /* Colors.xcassets in Resources */,
				8B232F1D2A588C5D004B554C /* Awards.json in Resources */,
				8BE9AD44299F8CA200DC9A30 /* Assets.xcassets in Resources */,
				8B232F192A588C1F004B554C /* Localizable.stringsdict in Resources */,
			);
			runOnlyForDeploymentPostprocessing = 0;
		};
/* End PBXResourcesBuildPhase section */

/* Begin PBXShellScriptBuildPhase section */
		8B232F2F2A5AF2D7004B554C /* SwiftLint */ = {
			isa = PBXShellScriptBuildPhase;
			alwaysOutOfDate = 1;
			buildActionMask = 2147483647;
			files = (
			);
			inputFileListPaths = (
			);
			inputPaths = (
			);
			name = SwiftLint;
			outputFileListPaths = (
			);
			outputPaths = (
			);
			runOnlyForDeploymentPostprocessing = 0;
			shellPath = /bin/sh;
			shellScript = "if [[ \"$(uname -m)\" == arm64 ]]; then\n    export PATH=\"/opt/homebrew/bin:$PATH\"\nfi\n\nif which swiftlint > /dev/null; then\n  swiftlint\nelse\n  echo \"warning: SwiftLint not installed, download from https://github.com/realm/SwiftLint\"\nfi\n";
		};
/* End PBXShellScriptBuildPhase section */

/* Begin PBXSourcesBuildPhase section */
		8B957B5B2A741FB100B13EC9 /* Sources */ = {
			isa = PBXSourcesBuildPhase;
			buildActionMask = 2147483647;
			files = (
				8B957B6A2A74231100B13EC9 /* AssetsTests.swift in Sources */,
				8B957B622A741FB100B13EC9 /* UltimatePortfolioTests.swift in Sources */,
			);
			runOnlyForDeploymentPostprocessing = 0;
		};
		8BE9AD38299F8CA100DC9A30 /* Sources */ = {
			isa = PBXSourcesBuildPhase;
			buildActionMask = 2147483647;
			files = (
				8BE9AD7529A26D7000DC9A30 /* Filter.swift in Sources */,
				8B232F2A2A5AD7AB004B554C /* TagsMenuView.swift in Sources */,
				8B7E4CA62A1F3EEC001B3D3A /* Award.swift in Sources */,
				8B232F262A5AD605004B554C /* IssueViewToolbar.swift in Sources */,
				8B232F2C2A5AD919004B554C /* SmartFilterRow.swift in Sources */,
				8B7E4CA82A265606001B3D3A /* AwardsView.swift in Sources */,
				8BE9AD50299FB1AE00DC9A30 /* Main.xcdatamodeld in Sources */,
				8BE9AD7329A26C5B00DC9A30 /* DetailView.swift in Sources */,
				8BE9AD52299FB45E00DC9A30 /* DataController.swift in Sources */,
				8B7E4CA42A1F3E38001B3D3A /* Bundle-Decodable.swift in Sources */,
				8BE9AD7129A26C4D00DC9A30 /* SidebarView.swift in Sources */,
				8BE9AD42299F8CA100DC9A30 /* ContentView.swift in Sources */,
				8B232F282A5AD6D3004B554C /* ContentViewToolbar.swift in Sources */,
				8BE9AD9129A4F8FF00DC9A30 /* Issue-CoreDateHelpers.swift in Sources */,
				8BE9AD9329A4FAF800DC9A30 /* Tag-CoreDateHelpers.swift in Sources */,
				8B232F242A5AD4AF004B554C /* SidebarViewToolbar.swift in Sources */,
				8B54776229B1017D0079F730 /* IssueView.swift in Sources */,
				8B232F2E2A5AF14E004B554C /* UserFilterRow.swift in Sources */,
				8B54776429B1018C0079F730 /* NoIssueView.swift in Sources */,
				8B6572CE29AFA02500C132B4 /* IssueRow.swift in Sources */,
				8BE9AD40299F8CA100DC9A30 /* UltimatePortfolioApp.swift in Sources */,
			);
			runOnlyForDeploymentPostprocessing = 0;
		};
/* End PBXSourcesBuildPhase section */

/* Begin PBXTargetDependency section */
		8B957B642A741FB100B13EC9 /* PBXTargetDependency */ = {
			isa = PBXTargetDependency;
			target = 8BE9AD3B299F8CA100DC9A30 /* UltimatePortfolio */;
			targetProxy = 8B957B632A741FB100B13EC9 /* PBXContainerItemProxy */;
		};
/* End PBXTargetDependency section */

/* Begin PBXVariantGroup section */
		8B232F172A588BE6004B554C /* Localizable.strings */ = {
			isa = PBXVariantGroup;
			children = (
				8B232F162A588BE6004B554C /* en */,
				8B232F182A588BEE004B554C /* hu */,
			);
			name = Localizable.strings;
			sourceTree = "<group>";
		};
		8B232F1B2A588C1F004B554C /* Localizable.stringsdict */ = {
			isa = PBXVariantGroup;
			children = (
				8B232F1A2A588C1F004B554C /* en */,
				8B232F1C2A588C26004B554C /* hu */,
			);
			name = Localizable.stringsdict;
			sourceTree = "<group>";
		};
		8B232F1F2A588C5D004B554C /* Awards.json */ = {
			isa = PBXVariantGroup;
			children = (
				8B232F1E2A588C5D004B554C /* en */,
				8B232F202A588C66004B554C /* hu */,
			);
			name = Awards.json;
			sourceTree = "<group>";
		};
/* End PBXVariantGroup section */

/* Begin XCBuildConfiguration section */
		8B957B662A741FB100B13EC9 /* Debug */ = {
			isa = XCBuildConfiguration;
			buildSettings = {
				BUNDLE_LOADER = "$(TEST_HOST)";
				CODE_SIGN_STYLE = Automatic;
				CURRENT_PROJECT_VERSION = 1;
				DEVELOPMENT_TEAM = 5SYZQ266RF;
				GENERATE_INFOPLIST_FILE = YES;
				IPHONEOS_DEPLOYMENT_TARGET = 16.4;
				MARKETING_VERSION = 1.0;
				PRODUCT_BUNDLE_IDENTIFIER = co.uk.theappforest.UltimatePortfolioTests;
				PRODUCT_NAME = "$(TARGET_NAME)";
				SDKROOT = iphoneos;
				SWIFT_EMIT_LOC_STRINGS = NO;
				SWIFT_VERSION = 5.0;
				TARGETED_DEVICE_FAMILY = "1,2";
				TEST_HOST = "$(BUILT_PRODUCTS_DIR)/UltimatePortfolio.app/$(BUNDLE_EXECUTABLE_FOLDER_PATH)/UltimatePortfolio";
			};
			name = Debug;
		};
		8B957B672A741FB100B13EC9 /* Release */ = {
			isa = XCBuildConfiguration;
			buildSettings = {
				BUNDLE_LOADER = "$(TEST_HOST)";
				CODE_SIGN_STYLE = Automatic;
				CURRENT_PROJECT_VERSION = 1;
				DEVELOPMENT_TEAM = 5SYZQ266RF;
				GENERATE_INFOPLIST_FILE = YES;
				IPHONEOS_DEPLOYMENT_TARGET = 16.4;
				MARKETING_VERSION = 1.0;
				PRODUCT_BUNDLE_IDENTIFIER = co.uk.theappforest.UltimatePortfolioTests;
				PRODUCT_NAME = "$(TARGET_NAME)";
				SDKROOT = iphoneos;
				SWIFT_EMIT_LOC_STRINGS = NO;
				SWIFT_VERSION = 5.0;
				TARGETED_DEVICE_FAMILY = "1,2";
				TEST_HOST = "$(BUILT_PRODUCTS_DIR)/UltimatePortfolio.app/$(BUNDLE_EXECUTABLE_FOLDER_PATH)/UltimatePortfolio";
				VALIDATE_PRODUCT = YES;
			};
			name = Release;
		};
		8BE9AD49299F8CA200DC9A30 /* Debug */ = {
			isa = XCBuildConfiguration;
			buildSettings = {
				ALWAYS_SEARCH_USER_PATHS = NO;
				CLANG_ANALYZER_NONNULL = YES;
				CLANG_ANALYZER_NUMBER_OBJECT_CONVERSION = YES_AGGRESSIVE;
				CLANG_CXX_LANGUAGE_STANDARD = "gnu++20";
				CLANG_ENABLE_MODULES = YES;
				CLANG_ENABLE_OBJC_ARC = YES;
				CLANG_ENABLE_OBJC_WEAK = YES;
				CLANG_WARN_BLOCK_CAPTURE_AUTORELEASING = YES;
				CLANG_WARN_BOOL_CONVERSION = YES;
				CLANG_WARN_COMMA = YES;
				CLANG_WARN_CONSTANT_CONVERSION = YES;
				CLANG_WARN_DEPRECATED_OBJC_IMPLEMENTATIONS = YES;
				CLANG_WARN_DIRECT_OBJC_ISA_USAGE = YES_ERROR;
				CLANG_WARN_DOCUMENTATION_COMMENTS = YES;
				CLANG_WARN_EMPTY_BODY = YES;
				CLANG_WARN_ENUM_CONVERSION = YES;
				CLANG_WARN_INFINITE_RECURSION = YES;
				CLANG_WARN_INT_CONVERSION = YES;
				CLANG_WARN_NON_LITERAL_NULL_CONVERSION = YES;
				CLANG_WARN_OBJC_IMPLICIT_RETAIN_SELF = YES;
				CLANG_WARN_OBJC_LITERAL_CONVERSION = YES;
				CLANG_WARN_OBJC_ROOT_CLASS = YES_ERROR;
				CLANG_WARN_QUOTED_INCLUDE_IN_FRAMEWORK_HEADER = YES;
				CLANG_WARN_RANGE_LOOP_ANALYSIS = YES;
				CLANG_WARN_STRICT_PROTOTYPES = YES;
				CLANG_WARN_SUSPICIOUS_MOVE = YES;
				CLANG_WARN_UNGUARDED_AVAILABILITY = YES_AGGRESSIVE;
				CLANG_WARN_UNREACHABLE_CODE = YES;
				CLANG_WARN__DUPLICATE_METHOD_MATCH = YES;
				COPY_PHASE_STRIP = NO;
				DEAD_CODE_STRIPPING = YES;
				DEBUG_INFORMATION_FORMAT = dwarf;
				ENABLE_STRICT_OBJC_MSGSEND = YES;
				ENABLE_TESTABILITY = YES;
				GCC_C_LANGUAGE_STANDARD = gnu11;
				GCC_DYNAMIC_NO_PIC = NO;
				GCC_NO_COMMON_BLOCKS = YES;
				GCC_OPTIMIZATION_LEVEL = 0;
				GCC_PREPROCESSOR_DEFINITIONS = (
					"DEBUG=1",
					"$(inherited)",
				);
				GCC_WARN_64_TO_32_BIT_CONVERSION = YES;
				GCC_WARN_ABOUT_RETURN_TYPE = YES_ERROR;
				GCC_WARN_UNDECLARED_SELECTOR = YES;
				GCC_WARN_UNINITIALIZED_AUTOS = YES_AGGRESSIVE;
				GCC_WARN_UNUSED_FUNCTION = YES;
				GCC_WARN_UNUSED_VARIABLE = YES;
				MTL_ENABLE_DEBUG_INFO = INCLUDE_SOURCE;
				MTL_FAST_MATH = YES;
				ONLY_ACTIVE_ARCH = YES;
				SWIFT_ACTIVE_COMPILATION_CONDITIONS = DEBUG;
				SWIFT_OPTIMIZATION_LEVEL = "-Onone";
			};
			name = Debug;
		};
		8BE9AD4A299F8CA200DC9A30 /* Release */ = {
			isa = XCBuildConfiguration;
			buildSettings = {
				ALWAYS_SEARCH_USER_PATHS = NO;
				CLANG_ANALYZER_NONNULL = YES;
				CLANG_ANALYZER_NUMBER_OBJECT_CONVERSION = YES_AGGRESSIVE;
				CLANG_CXX_LANGUAGE_STANDARD = "gnu++20";
				CLANG_ENABLE_MODULES = YES;
				CLANG_ENABLE_OBJC_ARC = YES;
				CLANG_ENABLE_OBJC_WEAK = YES;
				CLANG_WARN_BLOCK_CAPTURE_AUTORELEASING = YES;
				CLANG_WARN_BOOL_CONVERSION = YES;
				CLANG_WARN_COMMA = YES;
				CLANG_WARN_CONSTANT_CONVERSION = YES;
				CLANG_WARN_DEPRECATED_OBJC_IMPLEMENTATIONS = YES;
				CLANG_WARN_DIRECT_OBJC_ISA_USAGE = YES_ERROR;
				CLANG_WARN_DOCUMENTATION_COMMENTS = YES;
				CLANG_WARN_EMPTY_BODY = YES;
				CLANG_WARN_ENUM_CONVERSION = YES;
				CLANG_WARN_INFINITE_RECURSION = YES;
				CLANG_WARN_INT_CONVERSION = YES;
				CLANG_WARN_NON_LITERAL_NULL_CONVERSION = YES;
				CLANG_WARN_OBJC_IMPLICIT_RETAIN_SELF = YES;
				CLANG_WARN_OBJC_LITERAL_CONVERSION = YES;
				CLANG_WARN_OBJC_ROOT_CLASS = YES_ERROR;
				CLANG_WARN_QUOTED_INCLUDE_IN_FRAMEWORK_HEADER = YES;
				CLANG_WARN_RANGE_LOOP_ANALYSIS = YES;
				CLANG_WARN_STRICT_PROTOTYPES = YES;
				CLANG_WARN_SUSPICIOUS_MOVE = YES;
				CLANG_WARN_UNGUARDED_AVAILABILITY = YES_AGGRESSIVE;
				CLANG_WARN_UNREACHABLE_CODE = YES;
				CLANG_WARN__DUPLICATE_METHOD_MATCH = YES;
				COPY_PHASE_STRIP = NO;
				DEAD_CODE_STRIPPING = YES;
				DEBUG_INFORMATION_FORMAT = "dwarf-with-dsym";
				ENABLE_NS_ASSERTIONS = NO;
				ENABLE_STRICT_OBJC_MSGSEND = YES;
				GCC_C_LANGUAGE_STANDARD = gnu11;
				GCC_NO_COMMON_BLOCKS = YES;
				GCC_WARN_64_TO_32_BIT_CONVERSION = YES;
				GCC_WARN_ABOUT_RETURN_TYPE = YES_ERROR;
				GCC_WARN_UNDECLARED_SELECTOR = YES;
				GCC_WARN_UNINITIALIZED_AUTOS = YES_AGGRESSIVE;
				GCC_WARN_UNUSED_FUNCTION = YES;
				GCC_WARN_UNUSED_VARIABLE = YES;
				MTL_ENABLE_DEBUG_INFO = NO;
				MTL_FAST_MATH = YES;
				SWIFT_COMPILATION_MODE = wholemodule;
				SWIFT_OPTIMIZATION_LEVEL = "-O";
			};
			name = Release;
		};
		8BE9AD4C299F8CA200DC9A30 /* Debug */ = {
			isa = XCBuildConfiguration;
			buildSettings = {
				ASSETCATALOG_COMPILER_APPICON_NAME = AppIcon;
				ASSETCATALOG_COMPILER_GLOBAL_ACCENT_COLOR_NAME = AccentColor;
				CODE_SIGN_ENTITLEMENTS = UltimatePortfolio/Configuration/UltimatePortfolio.entitlements;
				CODE_SIGN_STYLE = Automatic;
				CURRENT_PROJECT_VERSION = 1;
				DEAD_CODE_STRIPPING = YES;
				DEVELOPMENT_ASSET_PATHS = "\"UltimatePortfolio/Preview Content\"";
				DEVELOPMENT_TEAM = 5SYZQ266RF;
				ENABLE_HARDENED_RUNTIME = YES;
				ENABLE_PREVIEWS = YES;
				GENERATE_INFOPLIST_FILE = YES;
				INFOPLIST_FILE = UltimatePortfolio/Configuration/Info.plist;
				"INFOPLIST_KEY_UIApplicationSceneManifest_Generation[sdk=iphoneos*]" = YES;
				"INFOPLIST_KEY_UIApplicationSceneManifest_Generation[sdk=iphonesimulator*]" = YES;
				"INFOPLIST_KEY_UIApplicationSupportsIndirectInputEvents[sdk=iphoneos*]" = YES;
				"INFOPLIST_KEY_UIApplicationSupportsIndirectInputEvents[sdk=iphonesimulator*]" = YES;
				"INFOPLIST_KEY_UILaunchScreen_Generation[sdk=iphoneos*]" = YES;
				"INFOPLIST_KEY_UILaunchScreen_Generation[sdk=iphonesimulator*]" = YES;
				"INFOPLIST_KEY_UIStatusBarStyle[sdk=iphoneos*]" = UIStatusBarStyleDefault;
				"INFOPLIST_KEY_UIStatusBarStyle[sdk=iphonesimulator*]" = UIStatusBarStyleDefault;
				INFOPLIST_KEY_UISupportedInterfaceOrientations_iPad = "UIInterfaceOrientationPortrait UIInterfaceOrientationPortraitUpsideDown UIInterfaceOrientationLandscapeLeft UIInterfaceOrientationLandscapeRight";
				INFOPLIST_KEY_UISupportedInterfaceOrientations_iPhone = "UIInterfaceOrientationPortrait UIInterfaceOrientationLandscapeLeft UIInterfaceOrientationLandscapeRight";
				IPHONEOS_DEPLOYMENT_TARGET = 16.2;
				LD_RUNPATH_SEARCH_PATHS = "@executable_path/Frameworks";
				"LD_RUNPATH_SEARCH_PATHS[sdk=macosx*]" = "@executable_path/../Frameworks";
				MACOSX_DEPLOYMENT_TARGET = 13.1;
				MARKETING_VERSION = 1.0;
				PRODUCT_BUNDLE_IDENTIFIER = co.uk.theappforest.UltimatePortfolio;
				PRODUCT_NAME = "$(TARGET_NAME)";
				SDKROOT = auto;
				SUPPORTED_PLATFORMS = "iphoneos iphonesimulator macosx";
				SWIFT_EMIT_LOC_STRINGS = YES;
				SWIFT_VERSION = 5.0;
				TARGETED_DEVICE_FAMILY = "1,2";
			};
			name = Debug;
		};
		8BE9AD4D299F8CA200DC9A30 /* Release */ = {
			isa = XCBuildConfiguration;
			buildSettings = {
				ASSETCATALOG_COMPILER_APPICON_NAME = AppIcon;
				ASSETCATALOG_COMPILER_GLOBAL_ACCENT_COLOR_NAME = AccentColor;
				CODE_SIGN_ENTITLEMENTS = UltimatePortfolio/Configuration/UltimatePortfolio.entitlements;
				CODE_SIGN_STYLE = Automatic;
				CURRENT_PROJECT_VERSION = 1;
				DEAD_CODE_STRIPPING = YES;
				DEVELOPMENT_ASSET_PATHS = "\"UltimatePortfolio/Preview Content\"";
				DEVELOPMENT_TEAM = 5SYZQ266RF;
				ENABLE_HARDENED_RUNTIME = YES;
				ENABLE_PREVIEWS = YES;
				GENERATE_INFOPLIST_FILE = YES;
				INFOPLIST_FILE = UltimatePortfolio/Configuration/Info.plist;
				"INFOPLIST_KEY_UIApplicationSceneManifest_Generation[sdk=iphoneos*]" = YES;
				"INFOPLIST_KEY_UIApplicationSceneManifest_Generation[sdk=iphonesimulator*]" = YES;
				"INFOPLIST_KEY_UIApplicationSupportsIndirectInputEvents[sdk=iphoneos*]" = YES;
				"INFOPLIST_KEY_UIApplicationSupportsIndirectInputEvents[sdk=iphonesimulator*]" = YES;
				"INFOPLIST_KEY_UILaunchScreen_Generation[sdk=iphoneos*]" = YES;
				"INFOPLIST_KEY_UILaunchScreen_Generation[sdk=iphonesimulator*]" = YES;
				"INFOPLIST_KEY_UIStatusBarStyle[sdk=iphoneos*]" = UIStatusBarStyleDefault;
				"INFOPLIST_KEY_UIStatusBarStyle[sdk=iphonesimulator*]" = UIStatusBarStyleDefault;
				INFOPLIST_KEY_UISupportedInterfaceOrientations_iPad = "UIInterfaceOrientationPortrait UIInterfaceOrientationPortraitUpsideDown UIInterfaceOrientationLandscapeLeft UIInterfaceOrientationLandscapeRight";
				INFOPLIST_KEY_UISupportedInterfaceOrientations_iPhone = "UIInterfaceOrientationPortrait UIInterfaceOrientationLandscapeLeft UIInterfaceOrientationLandscapeRight";
				IPHONEOS_DEPLOYMENT_TARGET = 16.2;
				LD_RUNPATH_SEARCH_PATHS = "@executable_path/Frameworks";
				"LD_RUNPATH_SEARCH_PATHS[sdk=macosx*]" = "@executable_path/../Frameworks";
				MACOSX_DEPLOYMENT_TARGET = 13.1;
				MARKETING_VERSION = 1.0;
				PRODUCT_BUNDLE_IDENTIFIER = co.uk.theappforest.UltimatePortfolio;
				PRODUCT_NAME = "$(TARGET_NAME)";
				SDKROOT = auto;
				SUPPORTED_PLATFORMS = "iphoneos iphonesimulator macosx";
				SWIFT_EMIT_LOC_STRINGS = YES;
				SWIFT_VERSION = 5.0;
				TARGETED_DEVICE_FAMILY = "1,2";
			};
			name = Release;
		};
/* End XCBuildConfiguration section */

/* Begin XCConfigurationList section */
		8B957B652A741FB100B13EC9 /* Build configuration list for PBXNativeTarget "UltimatePortfolioTests" */ = {
			isa = XCConfigurationList;
			buildConfigurations = (
				8B957B662A741FB100B13EC9 /* Debug */,
				8B957B672A741FB100B13EC9 /* Release */,
			);
			defaultConfigurationIsVisible = 0;
			defaultConfigurationName = Release;
		};
		8BE9AD37299F8CA100DC9A30 /* Build configuration list for PBXProject "UltimatePortfolio" */ = {
			isa = XCConfigurationList;
			buildConfigurations = (
				8BE9AD49299F8CA200DC9A30 /* Debug */,
				8BE9AD4A299F8CA200DC9A30 /* Release */,
			);
			defaultConfigurationIsVisible = 0;
			defaultConfigurationName = Release;
		};
		8BE9AD4B299F8CA200DC9A30 /* Build configuration list for PBXNativeTarget "UltimatePortfolio" */ = {
			isa = XCConfigurationList;
			buildConfigurations = (
				8BE9AD4C299F8CA200DC9A30 /* Debug */,
				8BE9AD4D299F8CA200DC9A30 /* Release */,
			);
			defaultConfigurationIsVisible = 0;
			defaultConfigurationName = Release;
		};
/* End XCConfigurationList section */

/* Begin XCVersionGroup section */
		8BE9AD4E299FB1AE00DC9A30 /* Main.xcdatamodeld */ = {
			isa = XCVersionGroup;
			children = (
				8BE9AD4F299FB1AE00DC9A30 /* Main.xcdatamodel */,
			);
			currentVersion = 8BE9AD4F299FB1AE00DC9A30 /* Main.xcdatamodel */;
			path = Main.xcdatamodeld;
			sourceTree = "<group>";
			versionGroupType = wrapper.xcdatamodel;
		};
/* End XCVersionGroup section */
	};
	rootObject = 8BE9AD34299F8CA100DC9A30 /* Project object */;
}
